// !$*UTF8*$!
{
	archiveVersion = 1;
	classes = {
	};
	objectVersion = 46;
	objects = {

/* Begin PBXBuildFile section */
		600FEA361A967FB1007AAA9B /* ChannelEvent.swift in Sources */ = {isa = PBXBuildFile; fileRef = 600FEA351A967FB1007AAA9B /* ChannelEvent.swift */; };
		600FEA381A967FC0007AAA9B /* IMEvent.swift in Sources */ = {isa = PBXBuildFile; fileRef = 600FEA371A967FC0007AAA9B /* IMEvent.swift */; };
		600FEA3A1A967FCC007AAA9B /* GroupEvent.swift in Sources */ = {isa = PBXBuildFile; fileRef = 600FEA391A967FCC007AAA9B /* GroupEvent.swift */; };
		600FEA3C1A967FDA007AAA9B /* FileEvent.swift in Sources */ = {isa = PBXBuildFile; fileRef = 600FEA3B1A967FDA007AAA9B /* FileEvent.swift */; };
		600FEA3E1A9691AC007AAA9B /* Item.swift in Sources */ = {isa = PBXBuildFile; fileRef = 600FEA3D1A9691AC007AAA9B /* Item.swift */; };
		60153A0A1A7836A2008C0F7D /* ConnectionManager.swift in Sources */ = {isa = PBXBuildFile; fileRef = 60153A091A7836A2008C0F7D /* ConnectionManager.swift */; };
		603C7F8C1A798CFA008655DD /* DataManager.swift in Sources */ = {isa = PBXBuildFile; fileRef = 603C7F8B1A798CFA008655DD /* DataManager.swift */; };
		603C7F8E1A798E0D008655DD /* TeamState.swift in Sources */ = {isa = PBXBuildFile; fileRef = 603C7F8D1A798E0D008655DD /* TeamState.swift */; };
		603C7F901A7990B6008655DD /* User.swift in Sources */ = {isa = PBXBuildFile; fileRef = 603C7F8F1A7990B6008655DD /* User.swift */; };
		603C7F921A79912F008655DD /* Message.swift in Sources */ = {isa = PBXBuildFile; fileRef = 603C7F911A79912F008655DD /* Message.swift */; };
		603C7F991A7ACA21008655DD /* MenuController.swift in Sources */ = {isa = PBXBuildFile; fileRef = 603C7F981A7ACA21008655DD /* MenuController.swift */; };
		603C7FD21A7C43F3008655DD /* Attachment.swift in Sources */ = {isa = PBXBuildFile; fileRef = 603C7FD11A7C43F3008655DD /* Attachment.swift */; };
		6045078F1A82C4670029CC20 /* OptionsPanelController.swift in Sources */ = {isa = PBXBuildFile; fileRef = 6045078D1A82C4670029CC20 /* OptionsPanelController.swift */; };
		604507901A82C4670029CC20 /* OptionsPanelController.xib in Resources */ = {isa = PBXBuildFile; fileRef = 6045078E1A82C4670029CC20 /* OptionsPanelController.xib */; };
		604E1E391A636F9C0025CF28 /* AppDelegate.swift in Sources */ = {isa = PBXBuildFile; fileRef = 604E1E381A636F9C0025CF28 /* AppDelegate.swift */; };
		604E1E3B1A636F9C0025CF28 /* Images.xcassets in Resources */ = {isa = PBXBuildFile; fileRef = 604E1E3A1A636F9C0025CF28 /* Images.xcassets */; };
		604E1E3E1A636F9C0025CF28 /* MainMenu.xib in Resources */ = {isa = PBXBuildFile; fileRef = 604E1E3C1A636F9C0025CF28 /* MainMenu.xib */; };
		604E1E4A1A636F9C0025CF28 /* MenuSlackTests.swift in Sources */ = {isa = PBXBuildFile; fileRef = 604E1E491A636F9C0025CF28 /* MenuSlackTests.swift */; };
		604E1E701A6648E40025CF28 /* Foundation.framework in Frameworks */ = {isa = PBXBuildFile; fileRef = 604E1E6F1A6648E40025CF28 /* Foundation.framework */; };
		604E1E721A6648EB0025CF28 /* CFNetwork.framework in Frameworks */ = {isa = PBXBuildFile; fileRef = 604E1E711A6648EB0025CF28 /* CFNetwork.framework */; };
		604E1E741A6648F70025CF28 /* libicucore.dylib in Frameworks */ = {isa = PBXBuildFile; fileRef = 604E1E731A6648F70025CF28 /* libicucore.dylib */; };
		604E1E761A6648FC0025CF28 /* Security.framework in Frameworks */ = {isa = PBXBuildFile; fileRef = 604E1E751A6648FC0025CF28 /* Security.framework */; };
		604E1E9B1A66EACA0025CF28 /* Channel.swift in Sources */ = {isa = PBXBuildFile; fileRef = 604E1E9A1A66EACA0025CF28 /* Channel.swift */; };
		604E1EA11A6710700025CF28 /* SRWebSocket.m in Sources */ = {isa = PBXBuildFile; fileRef = 604E1EA01A6710700025CF28 /* SRWebSocket.m */; };
		6051652E1AA55A1100617BAD /* prompt_speech_bubble.png in Resources */ = {isa = PBXBuildFile; fileRef = 6051652C1AA55A1100617BAD /* prompt_speech_bubble.png */; };
		6051652F1AA55A1100617BAD /* prompt_speech_bubble@2x.png in Resources */ = {isa = PBXBuildFile; fileRef = 6051652D1AA55A1100617BAD /* prompt_speech_bubble@2x.png */; };
		605165351AA5648900617BAD /* squid_agitated_transparent_less_shine.gif in Resources */ = {isa = PBXBuildFile; fileRef = 605165341AA5648900617BAD /* squid_agitated_transparent_less_shine.gif */; };
		6078A1F51A86A44400BE83A2 /* SlackParser.swift in Sources */ = {isa = PBXBuildFile; fileRef = 6078A1F41A86A44400BE83A2 /* SlackParser.swift */; };
		6078A1FB1A86AE2000BE83A2 /* SlackRequest.swift in Sources */ = {isa = PBXBuildFile; fileRef = 6078A1FA1A86AE2000BE83A2 /* SlackRequest.swift */; };
		6078A1FD1A86AF2700BE83A2 /* SlackResult.swift in Sources */ = {isa = PBXBuildFile; fileRef = 6078A1FC1A86AF2700BE83A2 /* SlackResult.swift */; };
		608DC88C1A89AF98007F4AB4 /* NSGradientView.swift in Sources */ = {isa = PBXBuildFile; fileRef = 608DC88B1A89AF98007F4AB4 /* NSGradientView.swift */; };
		608DC8921A8BEE39007F4AB4 /* File.swift in Sources */ = {isa = PBXBuildFile; fileRef = 608DC8911A8BEE38007F4AB4 /* File.swift */; };
		608DC8941A8BFE11007F4AB4 /* FileComment.swift in Sources */ = {isa = PBXBuildFile; fileRef = 608DC8931A8BFE11007F4AB4 /* FileComment.swift */; };
		608DC8961A8C0AAF007F4AB4 /* Event.swift in Sources */ = {isa = PBXBuildFile; fileRef = 608DC8951A8C0AAF007F4AB4 /* Event.swift */; };
		60A3662E1A9BF0D200C88B80 /* AboutPanelController.swift in Sources */ = {isa = PBXBuildFile; fileRef = 60A3662C1A9BF0D200C88B80 /* AboutPanelController.swift */; };
		60A3662F1A9BF0D200C88B80 /* AboutPanelController.xib in Resources */ = {isa = PBXBuildFile; fileRef = 60A3662D1A9BF0D200C88B80 /* AboutPanelController.xib */; };
		60A366311A9BF5C400C88B80 /* squid_agitated.gif in Resources */ = {isa = PBXBuildFile; fileRef = 60A366301A9BF5C400C88B80 /* squid_agitated.gif */; };
		60A366331A9BFB5800C88B80 /* squid_agitated_transparent.gif in Resources */ = {isa = PBXBuildFile; fileRef = 60A366321A9BFB5800C88B80 /* squid_agitated_transparent.gif */; };
		60A366351A9E772300C88B80 /* MenuAuthenticationPrompt.xib in Resources */ = {isa = PBXBuildFile; fileRef = 60A366341A9E772300C88B80 /* MenuAuthenticationPrompt.xib */; };
		60A366601AA2725900C88B80 /* emoji_pretty.json in Resources */ = {isa = PBXBuildFile; fileRef = 60A3665F1AA2725900C88B80 /* emoji_pretty.json */; };
		60A366621AA4152100C88B80 /* emojiDictionary.plist in Resources */ = {isa = PBXBuildFile; fileRef = 60A366611AA4152000C88B80 /* emojiDictionary.plist */; };
		60A565AF1A880619002B6109 /* icon-Template@2x.png in Resources */ = {isa = PBXBuildFile; fileRef = 60A565AD1A880619002B6109 /* icon-Template@2x.png */; };
		60A565B01A880619002B6109 /* icon-Filled-Template@2x.png in Resources */ = {isa = PBXBuildFile; fileRef = 60A565AE1A880619002B6109 /* icon-Filled-Template@2x.png */; };
		60A565B31A8809DD002B6109 /* icon-Template.png in Resources */ = {isa = PBXBuildFile; fileRef = 60A565B11A8809DD002B6109 /* icon-Template.png */; };
		60A565B41A8809DD002B6109 /* icon-Filled-Template.png in Resources */ = {isa = PBXBuildFile; fileRef = 60A565B21A8809DD002B6109 /* icon-Filled-Template.png */; };
		60C87BB21A900D44005ED592 /* icon.icns in Resources */ = {isa = PBXBuildFile; fileRef = 60C87BB11A900D44005ED592 /* icon.icns */; };
		60C87BBA1A9035E0005ED592 /* MSImageView.swift in Sources */ = {isa = PBXBuildFile; fileRef = 60C87BB91A9035E0005ED592 /* MSImageView.swift */; };
		60EB3E0F1A80812900C72876 /* TeamView.swift in Sources */ = {isa = PBXBuildFile; fileRef = 60EB3E0E1A80812900C72876 /* TeamView.swift */; };
		B97E13A2612F68E3484130AC /* Pods.framework in Frameworks */ = {isa = PBXBuildFile; fileRef = 7633BBB41F07396015C8D81C /* Pods.framework */; settings = {ATTRIBUTES = (Weak, ); }; };
/* End PBXBuildFile section */

/* Begin PBXContainerItemProxy section */
		604E1E441A636F9C0025CF28 /* PBXContainerItemProxy */ = {
			isa = PBXContainerItemProxy;
			containerPortal = 604E1E2B1A636F9C0025CF28 /* Project object */;
			proxyType = 1;
			remoteGlobalIDString = 604E1E321A636F9C0025CF28;
			remoteInfo = MenuSlack;
		};
		604E1E8D1A6649820025CF28 /* PBXContainerItemProxy */ = {
			isa = PBXContainerItemProxy;
			containerPortal = 604E1E861A66497D0025CF28 /* SocketRocket.xcodeproj */;
			proxyType = 2;
			remoteGlobalIDString = F6B2082D1450F597009315AF;
			remoteInfo = SocketRocket;
		};
		604E1E8F1A6649820025CF28 /* PBXContainerItemProxy */ = {
			isa = PBXContainerItemProxy;
			containerPortal = 604E1E861A66497D0025CF28 /* SocketRocket.xcodeproj */;
			proxyType = 2;
			remoteGlobalIDString = F668C880153E91210044DBAC;
			remoteInfo = SocketRocketOSX;
		};
		604E1E911A6649820025CF28 /* PBXContainerItemProxy */ = {
			isa = PBXContainerItemProxy;
			containerPortal = 604E1E861A66497D0025CF28 /* SocketRocket.xcodeproj */;
			proxyType = 2;
			remoteGlobalIDString = F6BDA802145900D200FE3253;
			remoteInfo = SRWebSocketTests;
		};
		604E1E931A6649820025CF28 /* PBXContainerItemProxy */ = {
			isa = PBXContainerItemProxy;
			containerPortal = 604E1E861A66497D0025CF28 /* SocketRocket.xcodeproj */;
			proxyType = 2;
			remoteGlobalIDString = F62417E314D52F3C003CE997;
			remoteInfo = TestChat;
		};
/* End PBXContainerItemProxy section */

/* Begin PBXFileReference section */
		600FEA351A967FB1007AAA9B /* ChannelEvent.swift */ = {isa = PBXFileReference; fileEncoding = 4; lastKnownFileType = sourcecode.swift; name = ChannelEvent.swift; path = Models/ChannelEvent.swift; sourceTree = "<group>"; };
		600FEA371A967FC0007AAA9B /* IMEvent.swift */ = {isa = PBXFileReference; fileEncoding = 4; lastKnownFileType = sourcecode.swift; name = IMEvent.swift; path = Models/IMEvent.swift; sourceTree = "<group>"; };
		600FEA391A967FCC007AAA9B /* GroupEvent.swift */ = {isa = PBXFileReference; fileEncoding = 4; lastKnownFileType = sourcecode.swift; path = GroupEvent.swift; sourceTree = "<group>"; };
		600FEA3B1A967FDA007AAA9B /* FileEvent.swift */ = {isa = PBXFileReference; fileEncoding = 4; lastKnownFileType = sourcecode.swift; name = FileEvent.swift; path = Models/FileEvent.swift; sourceTree = "<group>"; };
		600FEA3D1A9691AC007AAA9B /* Item.swift */ = {isa = PBXFileReference; fileEncoding = 4; lastKnownFileType = sourcecode.swift; name = Item.swift; path = Models/Item.swift; sourceTree = "<group>"; };
		60153A091A7836A2008C0F7D /* ConnectionManager.swift */ = {isa = PBXFileReference; fileEncoding = 4; lastKnownFileType = sourcecode.swift; name = ConnectionManager.swift; path = API/ConnectionManager.swift; sourceTree = "<group>"; };
		603C7F8B1A798CFA008655DD /* DataManager.swift */ = {isa = PBXFileReference; fileEncoding = 4; lastKnownFileType = sourcecode.swift; path = DataManager.swift; sourceTree = "<group>"; };
		603C7F8D1A798E0D008655DD /* TeamState.swift */ = {isa = PBXFileReference; fileEncoding = 4; lastKnownFileType = sourcecode.swift; name = TeamState.swift; path = API/TeamState.swift; sourceTree = "<group>"; };
		603C7F8F1A7990B6008655DD /* User.swift */ = {isa = PBXFileReference; fileEncoding = 4; lastKnownFileType = sourcecode.swift; name = User.swift; path = Models/User.swift; sourceTree = "<group>"; };
		603C7F911A79912F008655DD /* Message.swift */ = {isa = PBXFileReference; fileEncoding = 4; lastKnownFileType = sourcecode.swift; name = Message.swift; path = Models/Message.swift; sourceTree = "<group>"; };
		603C7F981A7ACA21008655DD /* MenuController.swift */ = {isa = PBXFileReference; fileEncoding = 4; lastKnownFileType = sourcecode.swift; name = MenuController.swift; path = Views/MenuController.swift; sourceTree = "<group>"; };
		603C7FD11A7C43F3008655DD /* Attachment.swift */ = {isa = PBXFileReference; fileEncoding = 4; lastKnownFileType = sourcecode.swift; name = Attachment.swift; path = Models/Attachment.swift; sourceTree = "<group>"; };
		6045078D1A82C4670029CC20 /* OptionsPanelController.swift */ = {isa = PBXFileReference; fileEncoding = 4; lastKnownFileType = sourcecode.swift; name = OptionsPanelController.swift; path = Views/OptionsPanelController.swift; sourceTree = "<group>"; };
		6045078E1A82C4670029CC20 /* OptionsPanelController.xib */ = {isa = PBXFileReference; fileEncoding = 4; lastKnownFileType = file.xib; name = OptionsPanelController.xib; path = Views/OptionsPanelController.xib; sourceTree = "<group>"; };
		604E1E331A636F9C0025CF28 /* MenuSlack.app */ = {isa = PBXFileReference; explicitFileType = wrapper.application; includeInIndex = 0; path = MenuSlack.app; sourceTree = BUILT_PRODUCTS_DIR; };
		604E1E371A636F9C0025CF28 /* Info.plist */ = {isa = PBXFileReference; lastKnownFileType = text.plist.xml; path = Info.plist; sourceTree = "<group>"; };
		604E1E381A636F9C0025CF28 /* AppDelegate.swift */ = {isa = PBXFileReference; lastKnownFileType = sourcecode.swift; path = AppDelegate.swift; sourceTree = "<group>"; };
		604E1E3A1A636F9C0025CF28 /* Images.xcassets */ = {isa = PBXFileReference; lastKnownFileType = folder.assetcatalog; path = Images.xcassets; sourceTree = "<group>"; };
		604E1E3D1A636F9C0025CF28 /* Base */ = {isa = PBXFileReference; lastKnownFileType = file.xib; name = Base; path = Base.lproj/MainMenu.xib; sourceTree = "<group>"; };
		604E1E431A636F9C0025CF28 /* MenuSlackTests.xctest */ = {isa = PBXFileReference; explicitFileType = wrapper.cfbundle; includeInIndex = 0; path = MenuSlackTests.xctest; sourceTree = BUILT_PRODUCTS_DIR; };
		604E1E481A636F9C0025CF28 /* Info.plist */ = {isa = PBXFileReference; lastKnownFileType = text.plist.xml; path = Info.plist; sourceTree = "<group>"; };
		604E1E491A636F9C0025CF28 /* MenuSlackTests.swift */ = {isa = PBXFileReference; lastKnownFileType = sourcecode.swift; path = MenuSlackTests.swift; sourceTree = "<group>"; };
		604E1E6E1A66487E0025CF28 /* MenuSlack-Bridging-Header.h */ = {isa = PBXFileReference; lastKnownFileType = sourcecode.c.h; path = "MenuSlack-Bridging-Header.h"; sourceTree = "<group>"; };
		604E1E6F1A6648E40025CF28 /* Foundation.framework */ = {isa = PBXFileReference; lastKnownFileType = wrapper.framework; name = Foundation.framework; path = System/Library/Frameworks/Foundation.framework; sourceTree = SDKROOT; };
		604E1E711A6648EB0025CF28 /* CFNetwork.framework */ = {isa = PBXFileReference; lastKnownFileType = wrapper.framework; name = CFNetwork.framework; path = System/Library/Frameworks/CFNetwork.framework; sourceTree = SDKROOT; };
		604E1E731A6648F70025CF28 /* libicucore.dylib */ = {isa = PBXFileReference; lastKnownFileType = "compiled.mach-o.dylib"; name = libicucore.dylib; path = usr/lib/libicucore.dylib; sourceTree = SDKROOT; };
		604E1E751A6648FC0025CF28 /* Security.framework */ = {isa = PBXFileReference; lastKnownFileType = wrapper.framework; name = Security.framework; path = System/Library/Frameworks/Security.framework; sourceTree = SDKROOT; };
		604E1E861A66497D0025CF28 /* SocketRocket.xcodeproj */ = {isa = PBXFileReference; lastKnownFileType = "wrapper.pb-project"; name = SocketRocket.xcodeproj; path = MenuSlack/SocketRocket.xcodeproj; sourceTree = "<group>"; };
		604E1E9A1A66EACA0025CF28 /* Channel.swift */ = {isa = PBXFileReference; fileEncoding = 4; lastKnownFileType = sourcecode.swift; name = Channel.swift; path = Models/Channel.swift; sourceTree = "<group>"; };
		604E1EA01A6710700025CF28 /* SRWebSocket.m */ = {isa = PBXFileReference; fileEncoding = 4; lastKnownFileType = sourcecode.c.objc; name = SRWebSocket.m; path = MenuSlack/SocketRocket/SRWebSocket.m; sourceTree = "<group>"; };
		6051652C1AA55A1100617BAD /* prompt_speech_bubble.png */ = {isa = PBXFileReference; lastKnownFileType = image.png; name = prompt_speech_bubble.png; path = Images/prompt_speech_bubble.png; sourceTree = "<group>"; };
		6051652D1AA55A1100617BAD /* prompt_speech_bubble@2x.png */ = {isa = PBXFileReference; lastKnownFileType = image.png; name = "prompt_speech_bubble@2x.png"; path = "Images/prompt_speech_bubble@2x.png"; sourceTree = "<group>"; };
		605165341AA5648900617BAD /* squid_agitated_transparent_less_shine.gif */ = {isa = PBXFileReference; lastKnownFileType = image.gif; name = squid_agitated_transparent_less_shine.gif; path = Images/squid_agitated_transparent_less_shine.gif; sourceTree = "<group>"; };
		6078A1F41A86A44400BE83A2 /* SlackParser.swift */ = {isa = PBXFileReference; fileEncoding = 4; lastKnownFileType = sourcecode.swift; name = SlackParser.swift; path = API/SlackParser.swift; sourceTree = "<group>"; };
		6078A1FA1A86AE2000BE83A2 /* SlackRequest.swift */ = {isa = PBXFileReference; fileEncoding = 4; lastKnownFileType = sourcecode.swift; name = SlackRequest.swift; path = API/SlackRequest.swift; sourceTree = "<group>"; };
		6078A1FC1A86AF2700BE83A2 /* SlackResult.swift */ = {isa = PBXFileReference; fileEncoding = 4; lastKnownFileType = sourcecode.swift; name = SlackResult.swift; path = API/SlackResult.swift; sourceTree = "<group>"; };
		608DC88B1A89AF98007F4AB4 /* NSGradientView.swift */ = {isa = PBXFileReference; fileEncoding = 4; lastKnownFileType = sourcecode.swift; name = NSGradientView.swift; path = Views/NSGradientView.swift; sourceTree = "<group>"; };
		608DC8911A8BEE38007F4AB4 /* File.swift */ = {isa = PBXFileReference; fileEncoding = 4; lastKnownFileType = sourcecode.swift; name = File.swift; path = Models/File.swift; sourceTree = "<group>"; };
		608DC8931A8BFE11007F4AB4 /* FileComment.swift */ = {isa = PBXFileReference; fileEncoding = 4; lastKnownFileType = sourcecode.swift; name = FileComment.swift; path = Models/FileComment.swift; sourceTree = "<group>"; };
		608DC8951A8C0AAF007F4AB4 /* Event.swift */ = {isa = PBXFileReference; fileEncoding = 4; lastKnownFileType = sourcecode.swift; name = Event.swift; path = Models/Event.swift; sourceTree = "<group>"; };
		60A3662A1A9BDB2000C88B80 /* icon.icns */ = {isa = PBXFileReference; lastKnownFileType = image.icns; path = icon.icns; sourceTree = "<group>"; };
		60A3662C1A9BF0D200C88B80 /* AboutPanelController.swift */ = {isa = PBXFileReference; fileEncoding = 4; lastKnownFileType = sourcecode.swift; name = AboutPanelController.swift; path = Views/AboutPanelController.swift; sourceTree = "<group>"; };
		60A3662D1A9BF0D200C88B80 /* AboutPanelController.xib */ = {isa = PBXFileReference; fileEncoding = 4; lastKnownFileType = file.xib; name = AboutPanelController.xib; path = Views/AboutPanelController.xib; sourceTree = "<group>"; };
		60A366301A9BF5C400C88B80 /* squid_agitated.gif */ = {isa = PBXFileReference; lastKnownFileType = image.gif; name = squid_agitated.gif; path = Images/squid_agitated.gif; sourceTree = "<group>"; };
		60A366321A9BFB5800C88B80 /* squid_agitated_transparent.gif */ = {isa = PBXFileReference; lastKnownFileType = image.gif; name = squid_agitated_transparent.gif; path = Images/squid_agitated_transparent.gif; sourceTree = "<group>"; };
		60A366341A9E772300C88B80 /* MenuAuthenticationPrompt.xib */ = {isa = PBXFileReference; fileEncoding = 4; lastKnownFileType = file.xib; name = MenuAuthenticationPrompt.xib; path = Views/MenuAuthenticationPrompt.xib; sourceTree = "<group>"; };
		60A3665F1AA2725900C88B80 /* emoji_pretty.json */ = {isa = PBXFileReference; fileEncoding = 4; lastKnownFileType = text.json; path = emoji_pretty.json; sourceTree = "<group>"; };
		60A366611AA4152000C88B80 /* emojiDictionary.plist */ = {isa = PBXFileReference; lastKnownFileType = file.bplist; path = emojiDictionary.plist; sourceTree = "<group>"; };
		60A565AD1A880619002B6109 /* icon-Template@2x.png */ = {isa = PBXFileReference; lastKnownFileType = image.png; name = "icon-Template@2x.png"; path = "Images/icon-Template@2x.png"; sourceTree = "<group>"; };
		60A565AE1A880619002B6109 /* icon-Filled-Template@2x.png */ = {isa = PBXFileReference; lastKnownFileType = image.png; name = "icon-Filled-Template@2x.png"; path = "Images/icon-Filled-Template@2x.png"; sourceTree = "<group>"; };
		60A565B11A8809DD002B6109 /* icon-Template.png */ = {isa = PBXFileReference; lastKnownFileType = image.png; name = "icon-Template.png"; path = "Images/icon-Template.png"; sourceTree = "<group>"; };
		60A565B21A8809DD002B6109 /* icon-Filled-Template.png */ = {isa = PBXFileReference; lastKnownFileType = image.png; name = "icon-Filled-Template.png"; path = "Images/icon-Filled-Template.png"; sourceTree = "<group>"; };
		60C87BB11A900D44005ED592 /* icon.icns */ = {isa = PBXFileReference; lastKnownFileType = image.icns; path = icon.icns; sourceTree = "<group>"; };
		60C87BB91A9035E0005ED592 /* MSImageView.swift */ = {isa = PBXFileReference; fileEncoding = 4; lastKnownFileType = sourcecode.swift; name = MSImageView.swift; path = Views/MSImageView.swift; sourceTree = "<group>"; };
		60EB3E0E1A80812900C72876 /* TeamView.swift */ = {isa = PBXFileReference; fileEncoding = 4; lastKnownFileType = sourcecode.swift; name = TeamView.swift; path = Views/TeamView.swift; sourceTree = "<group>"; };
		7633BBB41F07396015C8D81C /* Pods.framework */ = {isa = PBXFileReference; explicitFileType = wrapper.framework; includeInIndex = 0; path = Pods.framework; sourceTree = BUILT_PRODUCTS_DIR; };
		A2AE037EE0A34A018A6B8351 /* Pods.release.xcconfig */ = {isa = PBXFileReference; includeInIndex = 1; lastKnownFileType = text.xcconfig; name = Pods.release.xcconfig; path = "Pods/Target Support Files/Pods/Pods.release.xcconfig"; sourceTree = "<group>"; };
		F8C47390C9594902E3B0D0B2 /* Pods.debug.xcconfig */ = {isa = PBXFileReference; includeInIndex = 1; lastKnownFileType = text.xcconfig; name = Pods.debug.xcconfig; path = "Pods/Target Support Files/Pods/Pods.debug.xcconfig"; sourceTree = "<group>"; };
/* End PBXFileReference section */

/* Begin PBXFrameworksBuildPhase section */
		604E1E301A636F9C0025CF28 /* Frameworks */ = {
			isa = PBXFrameworksBuildPhase;
			buildActionMask = 2147483647;
			files = (
				604E1E761A6648FC0025CF28 /* Security.framework in Frameworks */,
				604E1E741A6648F70025CF28 /* libicucore.dylib in Frameworks */,
				604E1E721A6648EB0025CF28 /* CFNetwork.framework in Frameworks */,
				604E1E701A6648E40025CF28 /* Foundation.framework in Frameworks */,
				B97E13A2612F68E3484130AC /* Pods.framework in Frameworks */,
			);
			runOnlyForDeploymentPostprocessing = 0;
		};
		604E1E401A636F9C0025CF28 /* Frameworks */ = {
			isa = PBXFrameworksBuildPhase;
			buildActionMask = 2147483647;
			files = (
			);
			runOnlyForDeploymentPostprocessing = 0;
		};
/* End PBXFrameworksBuildPhase section */

/* Begin PBXGroup section */
		60153A041A783624008C0F7D /* API */ = {
			isa = PBXGroup;
			children = (
				60153A091A7836A2008C0F7D /* ConnectionManager.swift */,
				603C7F8B1A798CFA008655DD /* DataManager.swift */,
				6078A1F41A86A44400BE83A2 /* SlackParser.swift */,
				6078A1FA1A86AE2000BE83A2 /* SlackRequest.swift */,
				6078A1FC1A86AF2700BE83A2 /* SlackResult.swift */,
			);
			name = API;
			sourceTree = "<group>";
		};
		604E1E2A1A636F9C0025CF28 = {
			isa = PBXGroup;
			children = (
				60C87BB11A900D44005ED592 /* icon.icns */,
				604E1EA01A6710700025CF28 /* SRWebSocket.m */,
				604E1E731A6648F70025CF28 /* libicucore.dylib */,
				604E1E751A6648FC0025CF28 /* Security.framework */,
				604E1E711A6648EB0025CF28 /* CFNetwork.framework */,
				604E1E6F1A6648E40025CF28 /* Foundation.framework */,
				604E1E351A636F9C0025CF28 /* MenuSlack */,
				604E1E461A636F9C0025CF28 /* MenuSlackTests */,
				604E1E341A636F9C0025CF28 /* Products */,
				604E1E861A66497D0025CF28 /* SocketRocket.xcodeproj */,
				DEC45D59DCB8F81D6697A25C /* Pods */,
				CE32536E201704DDC0D874E1 /* Frameworks */,
			);
			sourceTree = "<group>";
		};
		604E1E341A636F9C0025CF28 /* Products */ = {
			isa = PBXGroup;
			children = (
				604E1E331A636F9C0025CF28 /* MenuSlack.app */,
				604E1E431A636F9C0025CF28 /* MenuSlackTests.xctest */,
			);
			name = Products;
			sourceTree = "<group>";
		};
		604E1E351A636F9C0025CF28 /* MenuSlack */ = {
			isa = PBXGroup;
			children = (
				60153A041A783624008C0F7D /* API */,
				604E1E561A6371980025CF28 /* Models */,
				604E1E531A6371630025CF28 /* Views */,
				604E1E381A636F9C0025CF28 /* AppDelegate.swift */,
				604E1E3C1A636F9C0025CF28 /* MainMenu.xib */,
				604E1E3A1A636F9C0025CF28 /* Images.xcassets */,
				604E1E361A636F9C0025CF28 /* Supporting Files */,
				604E1E6E1A66487E0025CF28 /* MenuSlack-Bridging-Header.h */,
			);
			path = MenuSlack;
			sourceTree = "<group>";
		};
		604E1E361A636F9C0025CF28 /* Supporting Files */ = {
			isa = PBXGroup;
			children = (
				60A366611AA4152000C88B80 /* emojiDictionary.plist */,
				60A3665F1AA2725900C88B80 /* emoji_pretty.json */,
				60A3662A1A9BDB2000C88B80 /* icon.icns */,
				60A565A81A880604002B6109 /* Images */,
				604E1E371A636F9C0025CF28 /* Info.plist */,
			);
			name = "Supporting Files";
			sourceTree = "<group>";
		};
		604E1E461A636F9C0025CF28 /* MenuSlackTests */ = {
			isa = PBXGroup;
			children = (
				604E1E491A636F9C0025CF28 /* MenuSlackTests.swift */,
				604E1E471A636F9C0025CF28 /* Supporting Files */,
			);
			path = MenuSlackTests;
			sourceTree = "<group>";
		};
		604E1E471A636F9C0025CF28 /* Supporting Files */ = {
			isa = PBXGroup;
			children = (
				604E1E481A636F9C0025CF28 /* Info.plist */,
			);
			name = "Supporting Files";
			sourceTree = "<group>";
		};
		604E1E531A6371630025CF28 /* Views */ = {
			isa = PBXGroup;
			children = (
				603C7F981A7ACA21008655DD /* MenuController.swift */,
				60EB3E0E1A80812900C72876 /* TeamView.swift */,
				6045078D1A82C4670029CC20 /* OptionsPanelController.swift */,
				6045078E1A82C4670029CC20 /* OptionsPanelController.xib */,
				608DC88B1A89AF98007F4AB4 /* NSGradientView.swift */,
				60C87BB91A9035E0005ED592 /* MSImageView.swift */,
				60A3662C1A9BF0D200C88B80 /* AboutPanelController.swift */,
				60A3662D1A9BF0D200C88B80 /* AboutPanelController.xib */,
				60A366341A9E772300C88B80 /* MenuAuthenticationPrompt.xib */,
			);
			name = Views;
			sourceTree = "<group>";
		};
		604E1E561A6371980025CF28 /* Models */ = {
			isa = PBXGroup;
			children = (
				603C7F8D1A798E0D008655DD /* TeamState.swift */,
				603C7F8F1A7990B6008655DD /* User.swift */,
				604E1E9A1A66EACA0025CF28 /* Channel.swift */,
				603C7FD11A7C43F3008655DD /* Attachment.swift */,
				608DC8911A8BEE38007F4AB4 /* File.swift */,
				608DC8931A8BFE11007F4AB4 /* FileComment.swift */,
				608DC8951A8C0AAF007F4AB4 /* Event.swift */,
				603C7F911A79912F008655DD /* Message.swift */,
				600FEA351A967FB1007AAA9B /* ChannelEvent.swift */,
				600FEA371A967FC0007AAA9B /* IMEvent.swift */,
				600FEA391A967FCC007AAA9B /* GroupEvent.swift */,
				600FEA3B1A967FDA007AAA9B /* FileEvent.swift */,
				600FEA3D1A9691AC007AAA9B /* Item.swift */,
			);
			name = Models;
			sourceTree = "<group>";
		};
		604E1E871A66497D0025CF28 /* Products */ = {
			isa = PBXGroup;
			children = (
				604E1E8E1A6649820025CF28 /* libSocketRocket.a */,
				604E1E901A6649820025CF28 /* SocketRocket.framework */,
				604E1E921A6649820025CF28 /* SRWebSocketTests.octest */,
				604E1E941A6649820025CF28 /* TestChat.app */,
			);
			name = Products;
			sourceTree = "<group>";
		};
		60A565A81A880604002B6109 /* Images */ = {
			isa = PBXGroup;
			children = (
				605165341AA5648900617BAD /* squid_agitated_transparent_less_shine.gif */,
				6051652C1AA55A1100617BAD /* prompt_speech_bubble.png */,
				6051652D1AA55A1100617BAD /* prompt_speech_bubble@2x.png */,
				60A366321A9BFB5800C88B80 /* squid_agitated_transparent.gif */,
				60A366301A9BF5C400C88B80 /* squid_agitated.gif */,
				60A565B11A8809DD002B6109 /* icon-Template.png */,
				60A565B21A8809DD002B6109 /* icon-Filled-Template.png */,
				60A565AD1A880619002B6109 /* icon-Template@2x.png */,
				60A565AE1A880619002B6109 /* icon-Filled-Template@2x.png */,
			);
			name = Images;
			sourceTree = "<group>";
		};
		CE32536E201704DDC0D874E1 /* Frameworks */ = {
			isa = PBXGroup;
			children = (
				7633BBB41F07396015C8D81C /* Pods.framework */,
			);
			name = Frameworks;
			sourceTree = "<group>";
		};
		DEC45D59DCB8F81D6697A25C /* Pods */ = {
			isa = PBXGroup;
			children = (
				F8C47390C9594902E3B0D0B2 /* Pods.debug.xcconfig */,
				A2AE037EE0A34A018A6B8351 /* Pods.release.xcconfig */,
			);
			name = Pods;
			sourceTree = "<group>";
		};
/* End PBXGroup section */

/* Begin PBXNativeTarget section */
		604E1E321A636F9C0025CF28 /* MenuSlack */ = {
			isa = PBXNativeTarget;
			buildConfigurationList = 604E1E4D1A636F9C0025CF28 /* Build configuration list for PBXNativeTarget "MenuSlack" */;
			buildPhases = (
				A9E84B3AAD55937D9958C0EE /* Check Pods Manifest.lock */,
				604E1E2F1A636F9C0025CF28 /* Sources */,
				604E1E301A636F9C0025CF28 /* Frameworks */,
				604E1E311A636F9C0025CF28 /* Resources */,
				220C4CB1788EC5C9A6D0FC05 /* Copy Pods Resources */,
				5C2D645FAD45F92D9A08B6EA /* Embed Pods Frameworks */,
			);
			buildRules = (
			);
			dependencies = (
			);
			name = MenuSlack;
			productName = MenuSlack;
			productReference = 604E1E331A636F9C0025CF28 /* MenuSlack.app */;
			productType = "com.apple.product-type.application";
		};
		604E1E421A636F9C0025CF28 /* MenuSlackTests */ = {
			isa = PBXNativeTarget;
			buildConfigurationList = 604E1E501A636F9C0025CF28 /* Build configuration list for PBXNativeTarget "MenuSlackTests" */;
			buildPhases = (
				604E1E3F1A636F9C0025CF28 /* Sources */,
				604E1E401A636F9C0025CF28 /* Frameworks */,
				604E1E411A636F9C0025CF28 /* Resources */,
			);
			buildRules = (
			);
			dependencies = (
				604E1E451A636F9C0025CF28 /* PBXTargetDependency */,
			);
			name = MenuSlackTests;
			productName = MenuSlackTests;
			productReference = 604E1E431A636F9C0025CF28 /* MenuSlackTests.xctest */;
			productType = "com.apple.product-type.bundle.unit-test";
		};
/* End PBXNativeTarget section */

/* Begin PBXProject section */
		604E1E2B1A636F9C0025CF28 /* Project object */ = {
			isa = PBXProject;
			attributes = {
				LastUpgradeCheck = 0610;
				ORGANIZATIONNAME = Zanopan;
				TargetAttributes = {
					604E1E321A636F9C0025CF28 = {
						CreatedOnToolsVersion = 6.1;
					};
					604E1E421A636F9C0025CF28 = {
						CreatedOnToolsVersion = 6.1;
						TestTargetID = 604E1E321A636F9C0025CF28;
					};
				};
			};
			buildConfigurationList = 604E1E2E1A636F9C0025CF28 /* Build configuration list for PBXProject "MenuSlack" */;
			compatibilityVersion = "Xcode 3.2";
			developmentRegion = English;
			hasScannedForEncodings = 0;
			knownRegions = (
				en,
				Base,
			);
			mainGroup = 604E1E2A1A636F9C0025CF28;
			productRefGroup = 604E1E341A636F9C0025CF28 /* Products */;
			projectDirPath = "";
			projectReferences = (
				{
					ProductGroup = 604E1E871A66497D0025CF28 /* Products */;
					ProjectRef = 604E1E861A66497D0025CF28 /* SocketRocket.xcodeproj */;
				},
			);
			projectRoot = "";
			targets = (
				604E1E321A636F9C0025CF28 /* MenuSlack */,
				604E1E421A636F9C0025CF28 /* MenuSlackTests */,
			);
		};
/* End PBXProject section */

/* Begin PBXReferenceProxy section */
		604E1E8E1A6649820025CF28 /* libSocketRocket.a */ = {
			isa = PBXReferenceProxy;
			fileType = archive.ar;
			path = libSocketRocket.a;
			remoteRef = 604E1E8D1A6649820025CF28 /* PBXContainerItemProxy */;
			sourceTree = BUILT_PRODUCTS_DIR;
		};
		604E1E901A6649820025CF28 /* SocketRocket.framework */ = {
			isa = PBXReferenceProxy;
			fileType = wrapper.framework;
			path = SocketRocket.framework;
			remoteRef = 604E1E8F1A6649820025CF28 /* PBXContainerItemProxy */;
			sourceTree = BUILT_PRODUCTS_DIR;
		};
		604E1E921A6649820025CF28 /* SRWebSocketTests.octest */ = {
			isa = PBXReferenceProxy;
			fileType = wrapper.cfbundle;
			path = SRWebSocketTests.octest;
			remoteRef = 604E1E911A6649820025CF28 /* PBXContainerItemProxy */;
			sourceTree = BUILT_PRODUCTS_DIR;
		};
		604E1E941A6649820025CF28 /* TestChat.app */ = {
			isa = PBXReferenceProxy;
			fileType = wrapper.application;
			path = TestChat.app;
			remoteRef = 604E1E931A6649820025CF28 /* PBXContainerItemProxy */;
			sourceTree = BUILT_PRODUCTS_DIR;
		};
/* End PBXReferenceProxy section */

/* Begin PBXResourcesBuildPhase section */
		604E1E311A636F9C0025CF28 /* Resources */ = {
			isa = PBXResourcesBuildPhase;
			buildActionMask = 2147483647;
			files = (
				60A366311A9BF5C400C88B80 /* squid_agitated.gif in Resources */,
				60A565B31A8809DD002B6109 /* icon-Template.png in Resources */,
				60A565AF1A880619002B6109 /* icon-Template@2x.png in Resources */,
				605165351AA5648900617BAD /* squid_agitated_transparent_less_shine.gif in Resources */,
				60A565B01A880619002B6109 /* icon-Filled-Template@2x.png in Resources */,
				604507901A82C4670029CC20 /* OptionsPanelController.xib in Resources */,
				60A366621AA4152100C88B80 /* emojiDictionary.plist in Resources */,
				604E1E3B1A636F9C0025CF28 /* Images.xcassets in Resources */,
				60C87BB21A900D44005ED592 /* icon.icns in Resources */,
				60A366351A9E772300C88B80 /* MenuAuthenticationPrompt.xib in Resources */,
				60A366331A9BFB5800C88B80 /* squid_agitated_transparent.gif in Resources */,
				60A366601AA2725900C88B80 /* emoji_pretty.json in Resources */,
				6051652E1AA55A1100617BAD /* prompt_speech_bubble.png in Resources */,
				6051652F1AA55A1100617BAD /* prompt_speech_bubble@2x.png in Resources */,
				60A565B41A8809DD002B6109 /* icon-Filled-Template.png in Resources */,
				604E1E3E1A636F9C0025CF28 /* MainMenu.xib in Resources */,
				60A3662F1A9BF0D200C88B80 /* AboutPanelController.xib in Resources */,
			);
			runOnlyForDeploymentPostprocessing = 0;
		};
		604E1E411A636F9C0025CF28 /* Resources */ = {
			isa = PBXResourcesBuildPhase;
			buildActionMask = 2147483647;
			files = (
			);
			runOnlyForDeploymentPostprocessing = 0;
		};
/* End PBXResourcesBuildPhase section */

/* Begin PBXShellScriptBuildPhase section */
		220C4CB1788EC5C9A6D0FC05 /* Copy Pods Resources */ = {
			isa = PBXShellScriptBuildPhase;
			buildActionMask = 2147483647;
			files = (
			);
			inputPaths = (
			);
			name = "Copy Pods Resources";
			outputPaths = (
			);
			runOnlyForDeploymentPostprocessing = 0;
			shellPath = /bin/sh;
			shellScript = "\"${SRCROOT}/Pods/Target Support Files/Pods/Pods-resources.sh\"\n";
			showEnvVarsInLog = 0;
		};
		5C2D645FAD45F92D9A08B6EA /* Embed Pods Frameworks */ = {
			isa = PBXShellScriptBuildPhase;
			buildActionMask = 2147483647;
			files = (
			);
			inputPaths = (
			);
			name = "Embed Pods Frameworks";
			outputPaths = (
			);
			runOnlyForDeploymentPostprocessing = 0;
			shellPath = /bin/sh;
			shellScript = "\"${SRCROOT}/Pods/Target Support Files/Pods/Pods-frameworks.sh\"\n";
			showEnvVarsInLog = 0;
		};
		A9E84B3AAD55937D9958C0EE /* Check Pods Manifest.lock */ = {
			isa = PBXShellScriptBuildPhase;
			buildActionMask = 2147483647;
			files = (
			);
			inputPaths = (
			);
			name = "Check Pods Manifest.lock";
			outputPaths = (
			);
			runOnlyForDeploymentPostprocessing = 0;
			shellPath = /bin/sh;
			shellScript = "diff \"${PODS_ROOT}/../Podfile.lock\" \"${PODS_ROOT}/Manifest.lock\" > /dev/null\nif [[ $? != 0 ]] ; then\n    cat << EOM\nerror: The sandbox is not in sync with the Podfile.lock. Run 'pod install' or update your CocoaPods installation.\nEOM\n    exit 1\nfi\n";
			showEnvVarsInLog = 0;
		};
/* End PBXShellScriptBuildPhase section */

/* Begin PBXSourcesBuildPhase section */
		604E1E2F1A636F9C0025CF28 /* Sources */ = {
			isa = PBXSourcesBuildPhase;
			buildActionMask = 2147483647;
			files = (
				604E1E9B1A66EACA0025CF28 /* Channel.swift in Sources */,
				603C7F8E1A798E0D008655DD /* TeamState.swift in Sources */,
				6045078F1A82C4670029CC20 /* OptionsPanelController.swift in Sources */,
				6078A1FB1A86AE2000BE83A2 /* SlackRequest.swift in Sources */,
				603C7F991A7ACA21008655DD /* MenuController.swift in Sources */,
				600FEA3E1A9691AC007AAA9B /* Item.swift in Sources */,
				600FEA3C1A967FDA007AAA9B /* FileEvent.swift in Sources */,
				603C7FD21A7C43F3008655DD /* Attachment.swift in Sources */,
				60C87BBA1A9035E0005ED592 /* MSImageView.swift in Sources */,
				608DC8961A8C0AAF007F4AB4 /* Event.swift in Sources */,
				60EB3E0F1A80812900C72876 /* TeamView.swift in Sources */,
				60153A0A1A7836A2008C0F7D /* ConnectionManager.swift in Sources */,
				604E1EA11A6710700025CF28 /* SRWebSocket.m in Sources */,
				608DC8941A8BFE11007F4AB4 /* FileComment.swift in Sources */,
				608DC88C1A89AF98007F4AB4 /* NSGradientView.swift in Sources */,
				6078A1F51A86A44400BE83A2 /* SlackParser.swift in Sources */,
				608DC8921A8BEE39007F4AB4 /* File.swift in Sources */,
				600FEA361A967FB1007AAA9B /* ChannelEvent.swift in Sources */,
				603C7F8C1A798CFA008655DD /* DataManager.swift in Sources */,
				600FEA3A1A967FCC007AAA9B /* GroupEvent.swift in Sources */,
				603C7F921A79912F008655DD /* Message.swift in Sources */,
				6078A1FD1A86AF2700BE83A2 /* SlackResult.swift in Sources */,
				604E1E391A636F9C0025CF28 /* AppDelegate.swift in Sources */,
				603C7F901A7990B6008655DD /* User.swift in Sources */,
				60A3662E1A9BF0D200C88B80 /* AboutPanelController.swift in Sources */,
				600FEA381A967FC0007AAA9B /* IMEvent.swift in Sources */,
			);
			runOnlyForDeploymentPostprocessing = 0;
		};
		604E1E3F1A636F9C0025CF28 /* Sources */ = {
			isa = PBXSourcesBuildPhase;
			buildActionMask = 2147483647;
			files = (
				604E1E4A1A636F9C0025CF28 /* MenuSlackTests.swift in Sources */,
			);
			runOnlyForDeploymentPostprocessing = 0;
		};
/* End PBXSourcesBuildPhase section */

/* Begin PBXTargetDependency section */
		604E1E451A636F9C0025CF28 /* PBXTargetDependency */ = {
			isa = PBXTargetDependency;
			target = 604E1E321A636F9C0025CF28 /* MenuSlack */;
			targetProxy = 604E1E441A636F9C0025CF28 /* PBXContainerItemProxy */;
		};
/* End PBXTargetDependency section */

/* Begin PBXVariantGroup section */
		604E1E3C1A636F9C0025CF28 /* MainMenu.xib */ = {
			isa = PBXVariantGroup;
			children = (
				604E1E3D1A636F9C0025CF28 /* Base */,
			);
			name = MainMenu.xib;
			sourceTree = "<group>";
		};
/* End PBXVariantGroup section */

/* Begin XCBuildConfiguration section */
		604E1E4B1A636F9C0025CF28 /* Debug */ = {
			isa = XCBuildConfiguration;
			buildSettings = {
				ALWAYS_SEARCH_USER_PATHS = NO;
				CLANG_CXX_LANGUAGE_STANDARD = "gnu++0x";
				CLANG_CXX_LIBRARY = "libc++";
				CLANG_ENABLE_MODULES = YES;
				CLANG_ENABLE_OBJC_ARC = YES;
				CLANG_WARN_BOOL_CONVERSION = YES;
				CLANG_WARN_CONSTANT_CONVERSION = YES;
				CLANG_WARN_DIRECT_OBJC_ISA_USAGE = YES_ERROR;
				CLANG_WARN_EMPTY_BODY = YES;
				CLANG_WARN_ENUM_CONVERSION = YES;
				CLANG_WARN_INT_CONVERSION = YES;
				CLANG_WARN_OBJC_ROOT_CLASS = YES_ERROR;
				CLANG_WARN_UNREACHABLE_CODE = YES;
				CLANG_WARN__DUPLICATE_METHOD_MATCH = YES;
				CODE_SIGN_IDENTITY = "";
				COPY_PHASE_STRIP = NO;
				ENABLE_STRICT_OBJC_MSGSEND = YES;
				GCC_C_LANGUAGE_STANDARD = gnu99;
				GCC_DYNAMIC_NO_PIC = NO;
				GCC_OPTIMIZATION_LEVEL = 0;
				GCC_PREPROCESSOR_DEFINITIONS = (
					"DEBUG=1",
					"$(inherited)",
				);
				GCC_SYMBOLS_PRIVATE_EXTERN = NO;
				GCC_WARN_64_TO_32_BIT_CONVERSION = YES;
				GCC_WARN_ABOUT_RETURN_TYPE = YES_ERROR;
				GCC_WARN_UNDECLARED_SELECTOR = YES;
				GCC_WARN_UNINITIALIZED_AUTOS = YES_AGGRESSIVE;
				GCC_WARN_UNUSED_FUNCTION = YES;
				GCC_WARN_UNUSED_VARIABLE = YES;
				MACOSX_DEPLOYMENT_TARGET = 10.9;
				MTL_ENABLE_DEBUG_INFO = YES;
				ONLY_ACTIVE_ARCH = YES;
				SDKROOT = macosx;
				"SWIFT_OBJC_BRIDGING_HEADER[arch=*]" = "MenuSlack/MenuSlack-Bridging-Header.h";
				SWIFT_OPTIMIZATION_LEVEL = "-Onone";
			};
			name = Debug;
		};
		604E1E4C1A636F9C0025CF28 /* Release */ = {
			isa = XCBuildConfiguration;
			buildSettings = {
				ALWAYS_SEARCH_USER_PATHS = NO;
				CLANG_CXX_LANGUAGE_STANDARD = "gnu++0x";
				CLANG_CXX_LIBRARY = "libc++";
				CLANG_ENABLE_MODULES = YES;
				CLANG_ENABLE_OBJC_ARC = YES;
				CLANG_WARN_BOOL_CONVERSION = YES;
				CLANG_WARN_CONSTANT_CONVERSION = YES;
				CLANG_WARN_DIRECT_OBJC_ISA_USAGE = YES_ERROR;
				CLANG_WARN_EMPTY_BODY = YES;
				CLANG_WARN_ENUM_CONVERSION = YES;
				CLANG_WARN_INT_CONVERSION = YES;
				CLANG_WARN_OBJC_ROOT_CLASS = YES_ERROR;
				CLANG_WARN_UNREACHABLE_CODE = YES;
				CLANG_WARN__DUPLICATE_METHOD_MATCH = YES;
				CODE_SIGN_IDENTITY = "";
				COPY_PHASE_STRIP = YES;
				DEBUG_INFORMATION_FORMAT = "dwarf-with-dsym";
				ENABLE_NS_ASSERTIONS = NO;
				ENABLE_STRICT_OBJC_MSGSEND = YES;
				GCC_C_LANGUAGE_STANDARD = gnu99;
				GCC_OPTIMIZATION_LEVEL = 0;
				GCC_WARN_64_TO_32_BIT_CONVERSION = YES;
				GCC_WARN_ABOUT_RETURN_TYPE = YES_ERROR;
				GCC_WARN_UNDECLARED_SELECTOR = YES;
				GCC_WARN_UNINITIALIZED_AUTOS = YES_AGGRESSIVE;
				GCC_WARN_UNUSED_FUNCTION = YES;
				GCC_WARN_UNUSED_VARIABLE = YES;
				MACOSX_DEPLOYMENT_TARGET = 10.9;
				MTL_ENABLE_DEBUG_INFO = NO;
				SDKROOT = macosx;
				"SWIFT_OBJC_BRIDGING_HEADER[arch=*]" = "MenuSlack/MenuSlack-Bridging-Header.h";
				SWIFT_OPTIMIZATION_LEVEL = "-Onone";
			};
			name = Release;
		};
		604E1E4E1A636F9C0025CF28 /* Debug */ = {
			isa = XCBuildConfiguration;
			baseConfigurationReference = F8C47390C9594902E3B0D0B2 /* Pods.debug.xcconfig */;
			buildSettings = {
				ASSETCATALOG_COMPILER_APPICON_NAME = AppIcon;
				COMBINE_HIDPI_IMAGES = YES;
				INFOPLIST_FILE = MenuSlack/Info.plist;
				LD_RUNPATH_SEARCH_PATHS = "$(inherited) @executable_path/../Frameworks";
				MACOSX_DEPLOYMENT_TARGET = 10.9;
				PRODUCT_NAME = "$(TARGET_NAME)";
			};
			name = Debug;
		};
		604E1E4F1A636F9C0025CF28 /* Release */ = {
			isa = XCBuildConfiguration;
			baseConfigurationReference = A2AE037EE0A34A018A6B8351 /* Pods.release.xcconfig */;
			buildSettings = {
				ASSETCATALOG_COMPILER_APPICON_NAME = AppIcon;
				COMBINE_HIDPI_IMAGES = YES;
				INFOPLIST_FILE = MenuSlack/Info.plist;
				LD_RUNPATH_SEARCH_PATHS = "$(inherited) @executable_path/../Frameworks";
				MACOSX_DEPLOYMENT_TARGET = 10.9;
				PRODUCT_NAME = "$(TARGET_NAME)";
			};
			name = Release;
		};
		604E1E511A636F9C0025CF28 /* Debug */ = {
			isa = XCBuildConfiguration;
			buildSettings = {
				BUNDLE_LOADER = "$(TEST_HOST)";
				COMBINE_HIDPI_IMAGES = YES;
				FRAMEWORK_SEARCH_PATHS = (
					"$(DEVELOPER_FRAMEWORKS_DIR)",
					"$(inherited)",
				);
				GCC_PREPROCESSOR_DEFINITIONS = (
					"DEBUG=1",
					"$(inherited)",
				);
				INFOPLIST_FILE = MenuSlackTests/Info.plist;
				LD_RUNPATH_SEARCH_PATHS = "$(inherited) @executable_path/../Frameworks @loader_path/../Frameworks";
				PRODUCT_NAME = "$(TARGET_NAME)";
				TEST_HOST = "$(BUILT_PRODUCTS_DIR)/MenuSlack.app/Contents/MacOS/MenuSlack";
			};
			name = Debug;
		};
		604E1E521A636F9C0025CF28 /* Release */ = {
			isa = XCBuildConfiguration;
			buildSettings = {
				BUNDLE_LOADER = "$(TEST_HOST)";
				COMBINE_HIDPI_IMAGES = YES;
				FRAMEWORK_SEARCH_PATHS = (
					"$(DEVELOPER_FRAMEWORKS_DIR)",
					"$(inherited)",
				);
				INFOPLIST_FILE = MenuSlackTests/Info.plist;
				LD_RUNPATH_SEARCH_PATHS = "$(inherited) @executable_path/../Frameworks @loader_path/../Frameworks";
				PRODUCT_NAME = "$(TARGET_NAME)";
				TEST_HOST = "$(BUILT_PRODUCTS_DIR)/MenuSlack.app/Contents/MacOS/MenuSlack";
			};
			name = Release;
		};
/* End XCBuildConfiguration section */

/* Begin XCConfigurationList section */
		604E1E2E1A636F9C0025CF28 /* Build configuration list for PBXProject "MenuSlack" */ = {
			isa = XCConfigurationList;
			buildConfigurations = (
				604E1E4B1A636F9C0025CF28 /* Debug */,
				604E1E4C1A636F9C0025CF28 /* Release */,
			);
			defaultConfigurationIsVisible = 0;
			defaultConfigurationName = Release;
		};
		604E1E4D1A636F9C0025CF28 /* Build configuration list for PBXNativeTarget "MenuSlack" */ = {
			isa = XCConfigurationList;
			buildConfigurations = (
				604E1E4E1A636F9C0025CF28 /* Debug */,
				604E1E4F1A636F9C0025CF28 /* Release */,
			);
			defaultConfigurationIsVisible = 0;
			defaultConfigurationName = Release;
		};
		604E1E501A636F9C0025CF28 /* Build configuration list for PBXNativeTarget "MenuSlackTests" */ = {
			isa = XCConfigurationList;
			buildConfigurations = (
				604E1E511A636F9C0025CF28 /* Debug */,
				604E1E521A636F9C0025CF28 /* Release */,
			);
			defaultConfigurationIsVisible = 0;
			defaultConfigurationName = Release;
		};
/* End XCConfigurationList section */
	};
	rootObject = 604E1E2B1A636F9C0025CF28 /* Project object */;
}
